
Microsoft Visual Studio Solution File, Format Version 12.00
# Visual Studio 15
VisualStudioVersion = 15.0.28010.2046
MinimumVisualStudioVersion = 10.0.40219.1
Project("{FAE04EC0-301F-11D3-BF4B-00C04F79EFBC}") = "TDD", "TDD_Library\TDD.csproj", "{881319D5-6AA7-4C64-8046-FA31EA01276A}"
EndProject
Project("{FAE04EC0-301F-11D3-BF4B-00C04F79EFBC}") = "TDD_Tests", "Confronto_Tests\TDD_Tests.csproj", "{4E97502B-7C8D-4BDA-8E90-2EFBA011064E}"
EndProject
Global
	GlobalSection(SolutionConfigurationPlatforms) = preSolution
		Debug|Any CPU = Debug|Any CPU
		Release|Any CPU = Release|Any CPU
	EndGlobalSection
	GlobalSection(ProjectConfigurationPlatforms) = postSolution
		{881319D5-6AA7-4C64-8046-FA31EA01276A}.Debug|Any CPU.ActiveCfg = Debug|Any CPU
		{881319D5-6AA7-4C64-8046-FA31EA01276A}.Debug|Any CPU.Build.0 = Debug|Any CPU
		{881319D5-6AA7-4C64-8046-FA31EA01276A}.Release|Any CPU.ActiveCfg = Release|Any CPU
		{881319D5-6AA7-4C64-8046-FA31EA01276A}.Release|Any CPU.Build.0 = Release|Any CPU
		{4E97502B-7C8D-4BDA-8E90-2EFBA011064E}.Debug|Any CPU.ActiveCfg = Debug|Any CPU
		{4E97502B-7C8D-4BDA-8E90-2EFBA011064E}.Debug|Any CPU.Build.0 = Debug|Any CPU
		{4E97502B-7C8D-4BDA-8E90-2EFBA011064E}.Release|Any CPU.ActiveCfg = Release|Any CPU
		{4E97502B-7C8D-4BDA-8E90-2EFBA011064E}.Release|Any CPU.Build.0 = Release|Any CPU
	EndGlobalSection
	GlobalSection(SolutionProperties) = preSolution
		HideSolutionNode = FALSE
	EndGlobalSection
	GlobalSection(ExtensibilityGlobals) = postSolution
		SolutionGuid = {EA5F6C6B-2CB3-44C9-9808-216851D17619}
	EndGlobalSection
EndGlobal
